<?xml version="1.0" encoding="utf-8"?>
<Project ToolsVersion="16.0" xmlns="http://schemas.microsoft.com/developer/msbuild/2003">
  <ItemGroup>
    <ClCompile Include="C:\Users\vsemenyakin\default\Desktop\g5\main.cpp">
      <Filter>Source Files</Filter>
    </ClCompile>
    <ClCompile Include="C:\Users\vsemenyakin\default\Desktop\g5\utils\ToString.cpp">
      <Filter>Source Files</Filter>
    </ClCompile>
    <ClCompile Include="C:\Users\vsemenyakin\default\Desktop\g5\test\IntTest.cpp">
      <Filter>Source Files</Filter>
    </ClCompile>
    <ClCompile Include="C:\Users\vsemenyakin\default\Desktop\g5\test\StringTest.cpp">
      <Filter>Source Files</Filter>
    </ClCompile>
  </ItemGroup>
  <ItemGroup>
    <ClInclude Include="C:\Users\vsemenyakin\default\Desktop\g5\carray\CArray.hpp">
      <Filter>Header Files</Filter>
    </ClInclude>
    <ClInclude Include="C:\Users\vsemenyakin\default\Desktop\g5\carray\CArrayImpl.inl">
      <Filter>Header Files</Filter>
    </ClInclude>
    <ClInclude Include="C:\Users\vsemenyakin\default\Desktop\g5\utils\ToString.hpp">
      <Filter>Header Files</Filter>
    </ClInclude>
    <ClInclude Include="C:\Users\vsemenyakin\default\Desktop\g5\test\IntTest.hpp">
      <Filter>Header Files</Filter>
    </ClInclude>
    <ClInclude Include="C:\Users\vsemenyakin\default\Desktop\g5\test\StringTest.hpp">
      <Filter>Header Files</Filter>
    </ClInclude>
    <ClInclude Include="C:\Users\vsemenyakin\default\Desktop\g5\test\utils\TestUtils.hpp">
      <Filter>Header Files</Filter>
    </ClInclude>
  </ItemGroup>
  <ItemGroup>
    <CustomBuild Include="C:\Users\vsemenyakin\default\Desktop\g5\CMakeLists.txt" />
  </ItemGroup>
  <ItemGroup>
    <Filter Include="Header Files">
      <UniqueIdentifier>{18085C10-5246-386D-904C-09FB4658F01D}</UniqueIdentifier>
    </Filter>
    <Filter Include="Source Files">
      <UniqueIdentifier>{7CC8CCC8-853D-3EBC-94BF-C39AE834F678}</UniqueIdentifier>
    </Filter>
  </ItemGroup>
</Project>
